{
  "name": "codex-token-optimizer",
  "version": "0.2.0",
  "lockfileVersion": 3,
  "requires": true,
  "packages": {
    "": {
      "name": "codex-token-optimizer",
      "version": "0.2.0",
      "license": "MIT",
      "dependencies": {
        "@babel/parser": "^7.29.7",
        "js-tiktoken": "^1.0.21"
      },
      "bin": {
        "token-optimizer": "bin/token-optimizer.js"
      },
      "engines": {
        "node": ">=18"
      }
    },
    "node_modules/@babel/helper-string-parser": {
      "version": "7.29.7",
      "resolved": "https://registry.npmjs.org/@babel/helper-string-parser/-/helper-string-parser-7.29.7.tgz",
      "integrity": "sha512-Pb5ijPrZ89GDH8223L4UP8i6QApWxs04RbPQJTeWDV0/keR2E36MeKnyr6LYmUUvqRRI+Iv87SuF1W6ErINzYw==",
      "license": "MIT",
      "engines": {
        "node": ">=6.9.0"
      }
    },
    "node_modules/@babel/helper-validator-identifier": {
      "version": "7.29.7",
      "resolved": "https://registry.npmjs.org/@babel/helper-validator-identifier/-/helper-validator-identifier-7.29.7.tgz",
      "integrity": "sha512-qehxGkRj55h/ff8EMaJ+cYhyaKlHIxqYDn682wQD7RNp9UujOQsHog2uS0r2vzr4pW+sXf90NeeayjcNaX3fFg==",
      "license": "MIT",
      "engines": {
        "node": ">=6.9.0"
      }
    },
    "node_modules/@babel/parser": {
      "version": "7.29.7",
      "resolved": "https://registry.npmjs.org/@babel/parser/-/parser-7.29.7.tgz",
      "integrity": "sha512-hnORnjP/1P/zFEndoeX+n+t1RwWRJiJpM/jO7FW32Kn9r5+sJB2JWOdYo4L6k78j15eCwY3Gm/7364B1EMwtNg==",
      "license": "MIT",
      "dependencies": {
        "@babel/types": "^7.29.7"
      },
      "bin": {
        "parser": "bin/babel-parser.js"
      },
      "engines": {
        "node": ">=6.0.0"
      }
    },
    "node_modules/@babel/types": {
      "version": "7.29.7",
      "resolved": "https://registry.npmjs.org/@babel/types/-/types-7.29.7.tgz",
      "integrity": "sha512-4zBIxpPzowiZpusoFkyGVwakdRJUyuH5PxQ/PrqghfdFWWasvnCdPfQXHrenDai+gyLARulZjZowCOj6fjT4pA==",
      "license": "MIT",
      "dependencies": {
        "@babel/helper-string-parser": "^7.29.7",
        "@babel/helper-validator-identifier": "^7.29.7"
      },
      "engines": {
        "node": ">=6.9.0"
      }
    },
    "node_modules/base64-js": {
      "version": "1.5.1",
      "resolved": "https://registry.npmjs.org/base64-js/-/base64-js-1.5.1.tgz",
      "integrity": "sha512-AKpaYlHn8t4SVbOHCy+b5+KKgvR4vrsD8vbvrbiQJps7fKDTkjkDry6ji0rUJjC0kzbNePLwzxq8iypo41qeWA==",
      "funding": [
        {
          "type": "github",
          "url": "https://github.com/sponsors/feross"
        },
        {
          "type": "patreon",
          "url": "https://www.patreon.com/feross"
        },
        {
          "type": "consulting",
          "url": "https://feross.org/support"
        }
      ],
      "license": "MIT"
    },
    "node_modules/js-tiktoken": {
      "version": "1.0.21",
      "resolved": "https://registry.npmjs.org/js-tiktoken/-/js-tiktoken-1.0.21.tgz",
      "integrity": "sha512-biOj/6M5qdgx5TKjDnFT1ymSpM5tbd3ylwDtrQvFQSu0Z7bBYko2dF+W/aUkXUPuk6IVpRxk/3Q2sHOzGlS36g==",
      "license": "MIT",
      "dependencies": {
        "base64-js": "^1.5.1"
      }
    }
  }
}
